
Microsoft Visual Studio Solution File, Format Version 12.00
# Visual Studio Version 17
VisualStudioVersion = 17.10.35027.167
MinimumVisualStudioVersion = 10.0.40219.1
Project("{FAE04EC0-301F-11D3-BF4B-00C04F79EFBC}") = "Client", "Predrag_Stojkovic_2021_0414\Client.csproj", "{E441ED0B-4970-46C1-A336-55C968827243}"
EndProject
Project("{FAE04EC0-301F-11D3-BF4B-00C04F79EFBC}") = "Server", "Server\Server.csproj", "{C8559CF0-B6EB-43D7-8354-4F8F652EB932}"
EndProject
Project("{FAE04EC0-301F-11D3-BF4B-00C04F79EFBC}") = "Infrastructure", "Infrastructure\Infrastructure.csproj", "{D949F24D-8F25-4F43-9736-96B3B3A32B7C}"
EndProject
Project("{FAE04EC0-301F-11D3-BF4B-00C04F79EFBC}") = "Application", "Application\Application.csproj", "{E2A20B82-2A23-49CB-BA5A-0805EFF61DBC}"
EndProject
Project("{FAE04EC0-301F-11D3-BF4B-00C04F79EFBC}") = "Domain", "Domain\Domain.csproj", "{9A7C7540-A43B-4A17-BB60-2E3D133F4AAB}"
EndProject
Global
	GlobalSection(SolutionConfigurationPlatforms) = preSolution
		Debug|Any CPU = Debug|Any CPU
		Release|Any CPU = Release|Any CPU
	EndGlobalSection
	GlobalSection(ProjectConfigurationPlatforms) = postSolution
		{E441ED0B-4970-46C1-A336-55C968827243}.Debug|Any CPU.ActiveCfg = Debug|Any CPU
		{E441ED0B-4970-46C1-A336-55C968827243}.Debug|Any CPU.Build.0 = Debug|Any CPU
		{E441ED0B-4970-46C1-A336-55C968827243}.Release|Any CPU.ActiveCfg = Release|Any CPU
		{E441ED0B-4970-46C1-A336-55C968827243}.Release|Any CPU.Build.0 = Release|Any CPU
		{C8559CF0-B6EB-43D7-8354-4F8F652EB932}.Debug|Any CPU.ActiveCfg = Debug|Any CPU
		{C8559CF0-B6EB-43D7-8354-4F8F652EB932}.Debug|Any CPU.Build.0 = Debug|Any CPU
		{C8559CF0-B6EB-43D7-8354-4F8F652EB932}.Release|Any CPU.ActiveCfg = Release|Any CPU
		{C8559CF0-B6EB-43D7-8354-4F8F652EB932}.Release|Any CPU.Build.0 = Release|Any CPU
		{D949F24D-8F25-4F43-9736-96B3B3A32B7C}.Debug|Any CPU.ActiveCfg = Debug|Any CPU
		{D949F24D-8F25-4F43-9736-96B3B3A32B7C}.Debug|Any CPU.Build.0 = Debug|Any CPU
		{D949F24D-8F25-4F43-9736-96B3B3A32B7C}.Release|Any CPU.ActiveCfg = Release|Any CPU
		{D949F24D-8F25-4F43-9736-96B3B3A32B7C}.Release|Any CPU.Build.0 = Release|Any CPU
		{E2A20B82-2A23-49CB-BA5A-0805EFF61DBC}.Debug|Any CPU.ActiveCfg = Debug|Any CPU
		{E2A20B82-2A23-49CB-BA5A-0805EFF61DBC}.Debug|Any CPU.Build.0 = Debug|Any CPU
		{E2A20B82-2A23-49CB-BA5A-0805EFF61DBC}.Release|Any CPU.ActiveCfg = Release|Any CPU
		{E2A20B82-2A23-49CB-BA5A-0805EFF61DBC}.Release|Any CPU.Build.0 = Release|Any CPU
		{9A7C7540-A43B-4A17-BB60-2E3D133F4AAB}.Debug|Any CPU.ActiveCfg = Debug|Any CPU
		{9A7C7540-A43B-4A17-BB60-2E3D133F4AAB}.Debug|Any CPU.Build.0 = Debug|Any CPU
		{9A7C7540-A43B-4A17-BB60-2E3D133F4AAB}.Release|Any CPU.ActiveCfg = Release|Any CPU
		{9A7C7540-A43B-4A17-BB60-2E3D133F4AAB}.Release|Any CPU.Build.0 = Release|Any CPU
	EndGlobalSection
	GlobalSection(SolutionProperties) = preSolution
		HideSolutionNode = FALSE
	EndGlobalSection
	GlobalSection(ExtensibilityGlobals) = postSolution
		SolutionGuid = {ECCAD87F-A563-439C-B10F-30D094B0DF32}
	EndGlobalSection
EndGlobal
